
Microsoft Visual Studio Solution File, Format Version 12.00
# Visual Studio Version 17
VisualStudioVersion = 17.2.32602.215
MinimumVisualStudioVersion = 10.0.40219.1
Project("{8BC9CEB8-8B4A-11D0-8D11-00A0C91BC942}") = "Grades-App-Repo", "Grades-App-Repo\Grades-App-Repo.vcxproj", "{EE4F33BC-0C22-482A-B1AC-80E62C99B637}"
EndProject
Global
	GlobalSection(SolutionConfigurationPlatforms) = preSolution
		Debug|x64 = Debug|x64
		Debug|x86 = Debug|x86
		Release|x64 = Release|x64
		Release|x86 = Release|x86
	EndGlobalSection
	GlobalSection(ProjectConfigurationPlatforms) = postSolution
		{EE4F33BC-0C22-482A-B1AC-80E62C99B637}.Debug|x64.ActiveCfg = Debug|x64
		{EE4F33BC-0C22-482A-B1AC-80E62C99B637}.Debug|x64.Build.0 = Debug|x64
		{EE4F33BC-0C22-482A-B1AC-80E62C99B637}.Debug|x86.ActiveCfg = Debug|Win32
		{EE4F33BC-0C22-482A-B1AC-80E62C99B637}.Debug|x86.Build.0 = Debug|Win32
		{EE4F33BC-0C22-482A-B1AC-80E62C99B637}.Release|x64.ActiveCfg = Release|x64
		{EE4F33BC-0C22-482A-B1AC-80E62C99B637}.Release|x64.Build.0 = Release|x64
		{EE4F33BC-0C22-482A-B1AC-80E62C99B637}.Release|x86.ActiveCfg = Release|Win32
		{EE4F33BC-0C22-482A-B1AC-80E62C99B637}.Release|x86.Build.0 = Release|Win32
	EndGlobalSection
	GlobalSection(SolutionProperties) = preSolution
		HideSolutionNode = FALSE
	EndGlobalSection
	GlobalSection(ExtensibilityGlobals) = postSolution
		SolutionGuid = {88FBD08F-91B0-4A7A-888A-20ABB9B4C9F4}
	EndGlobalSection
EndGlobal
